{
  "name": "video-maker01",
  "version": "1.0.0",
  "lockfileVersion": 2,
  "requires": true,
  "packages": {
    "": {
      "name": "video-maker01",
      "version": "1.0.0",
      "license": "ISC",
      "dependencies": {
        "readline-sync": "github:anseki/readline-sync"
      }
    },
    "node_modules/readline-sync": {
      "version": "1.4.10",
      "resolved": "git+ssh://git@github.com/anseki/readline-sync.git#202fe647300645c2727b4c4c9314d44703a67233",
      "license": "MIT",
      "engines": {
        "node": ">= 0.8.0"
      }
    }
  },
  "dependencies": {
    "readline-sync": {
      "version": "git+ssh://git@github.com/anseki/readline-sync.git#202fe647300645c2727b4c4c9314d44703a67233",
      "from": "readline-sync@git://github.com/anseki/readline-sync.git"
    }
  }
}
